<?xml version="1.0" encoding="utf-8"?>
<Project ToolsVersion="4.0" xmlns="http://schemas.microsoft.com/developer/msbuild/2003">
  <ItemGroup>
    <Filter Include="Engine">
      <UniqueIdentifier>{518b729e-4c15-4bdb-86e3-ab53f1b6c8b4}</UniqueIdentifier>
    </Filter>
    <Filter Include="Utils">
      <UniqueIdentifier>{732d72b1-5dcc-474a-b7f8-db63062b4a7e}</UniqueIdentifier>
    </Filter>
    <Filter Include="Manager">
      <UniqueIdentifier>{4351b49e-1335-4a8c-a71d-aabf4c47fad1}</UniqueIdentifier>
    </Filter>
    <Filter Include="Object">
      <UniqueIdentifier>{be54eca0-fb67-42ec-b031-dd9018b9f19a}</UniqueIdentifier>
    </Filter>
    <Filter Include="Object\Component">
      <UniqueIdentifier>{d4e79eb8-0b17-4e8e-8a25-4726ec9d1014}</UniqueIdentifier>
    </Filter>
    <Filter Include="Utils\Math">
      <UniqueIdentifier>{f222132f-01d7-4a3e-8460-d23bdb94f7d3}</UniqueIdentifier>
    </Filter>
    <Filter Include="Resource">
      <UniqueIdentifier>{67DA6AB6-F800-4c08-8B7A-83BB121AAD01}</UniqueIdentifier>
      <Extensions>rc;ico;cur;bmp;dlg;rc2;rct;bin;rgs;gif;jpg;jpeg;jpe;resx;tiff;tif;png;wav;mfcribbon-ms</Extensions>
    </Filter>
    <Filter Include="Object\2D">
      <UniqueIdentifier>{19c44b03-7ec4-43ed-a2bb-35a1bf21c583}</UniqueIdentifier>
    </Filter>
    <Filter Include="Resource\2D">
      <UniqueIdentifier>{48f5ec90-31d9-483d-bb6c-5054b1877a1d}</UniqueIdentifier>
    </Filter>
    <Filter Include="Object\Test">
      <UniqueIdentifier>{693e3e45-882f-4da2-8d5a-03789629eb09}</UniqueIdentifier>
    </Filter>
  </ItemGroup>
  <ItemGroup>
    <ClInclude Include="pch.h">
      <Filter>Utils</Filter>
    </ClInclude>
    <ClInclude Include="framework.h">
      <Filter>Utils</Filter>
    </ClInclude>
    <ClInclude Include="Engine.h">
      <Filter>Engine</Filter>
    </ClInclude>
    <ClInclude Include="EnginePch.h">
      <Filter>Utils</Filter>
    </ClInclude>
    <ClInclude Include="Input.h">
      <Filter>Manager</Filter>
    </ClInclude>
    <ClInclude Include="Timer.h">
      <Filter>Manager</Filter>
    </ClInclude>
    <ClInclude Include="Resources.h">
      <Filter>Manager</Filter>
    </ClInclude>
    <ClInclude Include="Scene.h">
      <Filter>Manager</Filter>
    </ClInclude>
    <ClInclude Include="SceneManager.h">
      <Filter>Manager</Filter>
    </ClInclude>
    <ClInclude Include="MonoBehaviour.h">
      <Filter>Object\Component</Filter>
    </ClInclude>
    <ClInclude Include="Transform.h">
      <Filter>Object\Component</Filter>
    </ClInclude>
    <ClInclude Include="Texture.h">
      <Filter>Resource</Filter>
    </ClInclude>
    <ClInclude Include="Object.h">
      <Filter>Object\2D</Filter>
    </ClInclude>
    <ClInclude Include="GameObject.h">
      <Filter>Object\2D</Filter>
    </ClInclude>
    <ClInclude Include="Mesh.h">
      <Filter>Resource\2D</Filter>
    </ClInclude>
    <ClInclude Include="Camera.h">
      <Filter>Object\2D</Filter>
    </ClInclude>
    <ClInclude Include="Component.h">
      <Filter>Object\2D</Filter>
    </ClInclude>
    <ClInclude Include="MeshRenderer.h">
      <Filter>Object\2D</Filter>
    </ClInclude>
    <ClInclude Include="RenderQueue.h" />
    <ClInclude Include="Shader.h">
      <Filter>Object\2D</Filter>
    </ClInclude>
    <ClInclude Include="TestCameraScript.h">
      <Filter>Object\Test</Filter>
    </ClInclude>
    <ClInclude Include="Material.h">
      <Filter>Object\2D</Filter>
    </ClInclude>
  </ItemGroup>
  <ItemGroup>
    <ClCompile Include="Engine.cpp">
      <Filter>Engine</Filter>
    </ClCompile>
    <ClCompile Include="pch.cpp">
      <Filter>Utils</Filter>
    </ClCompile>
    <ClCompile Include="EnginePch.cpp">
      <Filter>Utils</Filter>
    </ClCompile>
    <ClCompile Include="Input.cpp">
      <Filter>Manager</Filter>
    </ClCompile>
    <ClCompile Include="Resources.cpp">
      <Filter>Manager</Filter>
    </ClCompile>
    <ClCompile Include="Scene.cpp">
      <Filter>Manager</Filter>
    </ClCompile>
    <ClCompile Include="SceneManager.cpp">
      <Filter>Manager</Filter>
    </ClCompile>
    <ClCompile Include="Timer.cpp">
      <Filter>Manager</Filter>
    </ClCompile>
    <ClCompile Include="MonoBehaviour.cpp">
      <Filter>Object\Component</Filter>
    </ClCompile>
    <ClCompile Include="Transform.cpp">
      <Filter>Object\Component</Filter>
    </ClCompile>
    <ClCompile Include="Texture.cpp">
      <Filter>Resource</Filter>
    </ClCompile>
    <ClCompile Include="GameObject.cpp">
      <Filter>Object\2D</Filter>
    </ClCompile>
    <ClCompile Include="Object.cpp">
      <Filter>Object\2D</Filter>
    </ClCompile>
    <ClCompile Include="Mesh.cpp">
      <Filter>Resource\2D</Filter>
    </ClCompile>
    <ClCompile Include="Camera.cpp">
      <Filter>Object\2D</Filter>
    </ClCompile>
    <ClCompile Include="Component.cpp">
      <Filter>Object\2D</Filter>
    </ClCompile>
    <ClCompile Include="MeshRenderer.cpp">
      <Filter>Object\2D</Filter>
    </ClCompile>
    <ClCompile Include="RenderQueue.cpp" />
    <ClCompile Include="Shader.cpp">
      <Filter>Object\2D</Filter>
    </ClCompile>
    <ClCompile Include="TestCameraScript.cpp">
      <Filter>Object\Test</Filter>
    </ClCompile>
    <ClCompile Include="Material.cpp">
      <Filter>Object\2D</Filter>
    </ClCompile>
  </ItemGroup>
</Project>